# This file was autogenerated by uv via the following command:
#    uv pip compile --resolution=lowest --output-file requirements-lowest.lock pyproject.toml --generate-hashes --all-extras
anyio==3.4.0 \
    --hash=sha256:24adc69309fb5779bc1e06158e143e0b6d2c56b302a3ac3de3083c705a6ed39d \
    --hash=sha256:2855a9423524abcdd652d942f8932fda1735210f77a6b392eafd9ff34d3fe020
    # via
    #   httpcore
    #   starlette
    #   watchfiles
certifi==2024.2.2 \
    --hash=sha256:0569859f95fc761b18b45ef421b1290a0f65f147e92a1e5eb3e635f9a5e4e66f \
    --hash=sha256:dc383c07b76109f368f6106eee2b593b04a011ea4d55f652c6ca24a754d1cdd1
    # via
    #   api (pyproject.toml)
    #   httpcore
    #   httpx
click==8.0.0 \
    --hash=sha256:7d8c289ee437bcb0316820ccee14aefcb056e58d31830ecab8e47eda6540e136 \
    --hash=sha256:e90e62ced43dc8105fb9a26d62f0d9340b5c8db053a814e25d95c19873ae87db
    # via
    #   typer
    #   uvicorn
colorama==0.4.0 \
    --hash=sha256:a3d89af5db9e9806a779a50296b5fdb466e281147c2c235e8225ecc6dbf7bbf3 \
    --hash=sha256:c9b54bebe91a6a803e0772c8561d53f2926bfeb17cd141fbabcb08424086595c
    # via rich
commonmark==0.9.0 \
    --hash=sha256:14c3df31e8c9c463377e287b2a1eefaa6019ab97b22dad36e2f32be59d61d68d \
    --hash=sha256:867fc5db078ede373ab811e16b6789e9d033b15ccd7296f370ca52d1ee792ce0
    # via rich
coverage==7.4.1 \
    --hash=sha256:0193657651f5399d433c92f8ae264aff31fc1d066deee4b831549526433f3f61 \
    --hash=sha256:02f2edb575d62172aa28fe00efe821ae31f25dc3d589055b3fb64d51e52e4ab1 \
    --hash=sha256:0491275c3b9971cdbd28a4595c2cb5838f08036bca31765bad5e17edf900b2c7 \
    --hash=sha256:077d366e724f24fc02dbfe9d946534357fda71af9764ff99d73c3c596001bbd7 \
    --hash=sha256:10e88e7f41e6197ea0429ae18f21ff521d4f4490aa33048f6c6f94c6045a6a75 \
    --hash=sha256:18e961aa13b6d47f758cc5879383d27b5b3f3dcd9ce8cdbfdc2571fe86feb4dd \
    --hash=sha256:1a78b656a4d12b0490ca72651fe4d9f5e07e3c6461063a9b6265ee45eb2bdd35 \
    --hash=sha256:1ed4b95480952b1a26d863e546fa5094564aa0065e1e5f0d4d0041f293251d04 \
    --hash=sha256:23b27b8a698e749b61809fb637eb98ebf0e505710ec46a8aa6f1be7dc0dc43a6 \
    --hash=sha256:23f5881362dcb0e1a92b84b3c2809bdc90db892332daab81ad8f642d8ed55042 \
    --hash=sha256:32a8d985462e37cfdab611a6f95b09d7c091d07668fdc26e47a725ee575fe166 \
    --hash=sha256:3468cc8720402af37b6c6e7e2a9cdb9f6c16c728638a2ebc768ba1ef6f26c3a1 \
    --hash=sha256:379d4c7abad5afbe9d88cc31ea8ca262296480a86af945b08214eb1a556a3e4d \
    --hash=sha256:3cacfaefe6089d477264001f90f55b7881ba615953414999c46cc9713ff93c8c \
    --hash=sha256:3e3424c554391dc9ef4a92ad28665756566a28fecf47308f91841f6c49288e66 \
    --hash=sha256:46342fed0fff72efcda77040b14728049200cbba1279e0bf1188f1f2078c1d70 \
    --hash=sha256:536d609c6963c50055bab766d9951b6c394759190d03311f3e9fcf194ca909e1 \
    --hash=sha256:5d6850e6e36e332d5511a48a251790ddc545e16e8beaf046c03985c69ccb2676 \
    --hash=sha256:6008adeca04a445ea6ef31b2cbaf1d01d02986047606f7da266629afee982630 \
    --hash=sha256:64e723ca82a84053dd7bfcc986bdb34af8d9da83c521c19d6b472bc6880e191a \
    --hash=sha256:6b00e21f86598b6330f0019b40fb397e705135040dbedc2ca9a93c7441178e74 \
    --hash=sha256:6d224f0c4c9c98290a6990259073f496fcec1b5cc613eecbd22786d398ded3ad \
    --hash=sha256:6dceb61d40cbfcf45f51e59933c784a50846dc03211054bd76b421a713dcdf19 \
    --hash=sha256:7ac8f8eb153724f84885a1374999b7e45734bf93a87d8df1e7ce2146860edef6 \
    --hash=sha256:85ccc5fa54c2ed64bd91ed3b4a627b9cce04646a659512a051fa82a92c04a448 \
    --hash=sha256:869b5046d41abfea3e381dd143407b0d29b8282a904a19cb908fa24d090cc018 \
    --hash=sha256:8bdb0285a0202888d19ec6b6d23d5990410decb932b709f2b0dfe216d031d218 \
    --hash=sha256:8dfc5e195bbef80aabd81596ef52a1277ee7143fe419efc3c4d8ba2754671756 \
    --hash=sha256:8e738a492b6221f8dcf281b67129510835461132b03024830ac0e554311a5c54 \
    --hash=sha256:918440dea04521f499721c039863ef95433314b1db00ff826a02580c1f503e45 \
    --hash=sha256:9641e21670c68c7e57d2053ddf6c443e4f0a6e18e547e86af3fad0795414a628 \
    --hash=sha256:9d2f9d4cc2a53b38cabc2d6d80f7f9b7e3da26b2f53d48f05876fef7956b6968 \
    --hash=sha256:a07f61fc452c43cd5328b392e52555f7d1952400a1ad09086c4a8addccbd138d \
    --hash=sha256:a3277f5fa7483c927fe3a7b017b39351610265308f5267ac6d4c2b64cc1d8d25 \
    --hash=sha256:a4a3907011d39dbc3e37bdc5df0a8c93853c369039b59efa33a7b6669de04c60 \
    --hash=sha256:aeb2c2688ed93b027eb0d26aa188ada34acb22dceea256d76390eea135083950 \
    --hash=sha256:b094116f0b6155e36a304ff912f89bbb5067157aff5f94060ff20bbabdc8da06 \
    --hash=sha256:b8ffb498a83d7e0305968289441914154fb0ef5d8b3157df02a90c6695978295 \
    --hash=sha256:b9bb62fac84d5f2ff523304e59e5c439955fb3b7f44e3d7b2085184db74d733b \
    --hash=sha256:c61f66d93d712f6e03369b6a7769233bfda880b12f417eefdd4f16d1deb2fc4c \
    --hash=sha256:ca6e61dc52f601d1d224526360cdeab0d0712ec104a2ce6cc5ccef6ed9a233bc \
    --hash=sha256:ca7b26a5e456a843b9b6683eada193fc1f65c761b3a473941efe5a291f604c74 \
    --hash=sha256:d12c923757de24e4e2110cf8832d83a886a4cf215c6e61ed506006872b43a6d1 \
    --hash=sha256:d17bbc946f52ca67adf72a5ee783cd7cd3477f8f8796f59b4974a9b59cacc9ee \
    --hash=sha256:dfd1e1b9f0898817babf840b77ce9fe655ecbe8b1b327983df485b30df8cc011 \
    --hash=sha256:e0860a348bf7004c812c8368d1fc7f77fe8e4c095d661a579196a9533778e156 \
    --hash=sha256:f2f5968608b1fe2a1d00d01ad1017ee27efd99b3437e08b83ded9b7af3f6f766 \
    --hash=sha256:f3771b23bb3675a06f5d885c3630b1d01ea6cac9e84a01aaf5508706dba546c5 \
    --hash=sha256:f68ef3660677e6624c8cace943e4765545f8191313a07288a53d3da188bd8581 \
    --hash=sha256:f86f368e1c7ce897bf2457b9eb61169a44e2ef797099fb5728482b8d69f3f016 \
    --hash=sha256:f90515974b39f4dea2f27c0959688621b46d96d5a626cf9c53dbc653a895c05c \
    --hash=sha256:fe558371c1bdf3b8fa03e097c523fb9645b8730399c14fe7721ee9c9e2a545d3
    # via
    #   api (pyproject.toml)
    #   pytest-cov
dnspython==2.0.0 \
    --hash=sha256:044af09374469c3a39eeea1a146e8cac27daec951f1f1f157b1962fc7cb9d1b7 \
    --hash=sha256:40bb3c24b9d4ec12500f0124288a65df232a3aa749bb0c39734b782873a2544d
    # via email-validator
email-validator==2.0.0 \
    --hash=sha256:07c61b62ee446e39274b18204afa8e422baf64570776045272b04d10c02f64f6 \
    --hash=sha256:f4904f4145c11f8de5897afbb8d7db4b465c57f13db1c8c106c16d02bceebd9a
    # via fastapi
fastapi==0.111.0 \
    --hash=sha256:97ecbf994be0bcbdadedf88c3150252bed7b2087075ac99735403b1b76cc8fc0 \
    --hash=sha256:b9db9dd147c91cb8b769f7183535773d8741dd46f9dc6676cd82eab510228cd7
    # via
    #   api (pyproject.toml)
    #   fastapi-cli
fastapi-cli==0.0.2 \
    --hash=sha256:589565ba758432632eadcf7b950e0ec76bb283b549784d9df17f261a8a9de476 \
    --hash=sha256:d7a8ec89fd52ad16c52de9fe7299e4b22c7a32e1bf28aa886e5517e4927423dd
    # via fastapi
future==0.0.1 \
    --hash=sha256:a4bb0bbfd389ad7c709e84381e291df51b3b0d7b3f966390c1920d285a19410d
    # via commonmark
greenlet==3.0.0 \
    --hash=sha256:02a807b2a58d5cdebb07050efe3d7deaf915468d112dfcf5e426d0564aa3aa4a \
    --hash=sha256:0b72b802496cccbd9b31acea72b6f87e7771ccfd7f7927437d592e5c92ed703c \
    --hash=sha256:0d3f83ffb18dc57243e0151331e3c383b05e5b6c5029ac29f754745c800f8ed9 \
    --hash=sha256:10b5582744abd9858947d163843d323d0b67be9432db50f8bf83031032bc218d \
    --hash=sha256:123910c58234a8d40eaab595bc56a5ae49bdd90122dde5bdc012c20595a94c14 \
    --hash=sha256:1482fba7fbed96ea7842b5a7fc11d61727e8be75a077e603e8ab49d24e234383 \
    --hash=sha256:19834e3f91f485442adc1ee440171ec5d9a4840a1f7bd5ed97833544719ce10b \
    --hash=sha256:1d363666acc21d2c204dd8705c0e0457d7b2ee7a76cb16ffc099d6799744ac99 \
    --hash=sha256:211ef8d174601b80e01436f4e6905aca341b15a566f35a10dd8d1e93f5dbb3b7 \
    --hash=sha256:269d06fa0f9624455ce08ae0179430eea61085e3cf6457f05982b37fd2cefe17 \
    --hash=sha256:2e7dcdfad252f2ca83c685b0fa9fba00e4d8f243b73839229d56ee3d9d219314 \
    --hash=sha256:334ef6ed8337bd0b58bb0ae4f7f2dcc84c9f116e474bb4ec250a8bb9bd797a66 \
    --hash=sha256:343675e0da2f3c69d3fb1e894ba0a1acf58f481f3b9372ce1eb465ef93cf6fed \
    --hash=sha256:37f60b3a42d8b5499be910d1267b24355c495064f271cfe74bf28b17b099133c \
    --hash=sha256:38ad562a104cd41e9d4644f46ea37167b93190c6d5e4048fcc4b80d34ecb278f \
    --hash=sha256:3c0d36f5adc6e6100aedbc976d7428a9f7194ea79911aa4bf471f44ee13a9464 \
    --hash=sha256:3fd2b18432e7298fcbec3d39e1a0aa91ae9ea1c93356ec089421fabc3651572b \
    --hash=sha256:4a1a6244ff96343e9994e37e5b4839f09a0207d35ef6134dce5c20d260d0302c \
    --hash=sha256:4cd83fb8d8e17633ad534d9ac93719ef8937568d730ef07ac3a98cb520fd93e4 \
    --hash=sha256:527cd90ba3d8d7ae7dceb06fda619895768a46a1b4e423bdb24c1969823b8362 \
    --hash=sha256:56867a3b3cf26dc8a0beecdb4459c59f4c47cdd5424618c08515f682e1d46692 \
    --hash=sha256:621fcb346141ae08cb95424ebfc5b014361621b8132c48e538e34c3c93ac7365 \
    --hash=sha256:63acdc34c9cde42a6534518e32ce55c30f932b473c62c235a466469a710bfbf9 \
    --hash=sha256:6512592cc49b2c6d9b19fbaa0312124cd4c4c8a90d28473f86f92685cc5fef8e \
    --hash=sha256:6672fdde0fd1a60b44fb1751a7779c6db487e42b0cc65e7caa6aa686874e79fb \
    --hash=sha256:6a5b2d4cdaf1c71057ff823a19d850ed5c6c2d3686cb71f73ae4d6382aaa7a06 \
    --hash=sha256:6a68d670c8f89ff65c82b936275369e532772eebc027c3be68c6b87ad05ca695 \
    --hash=sha256:6bb36985f606a7c49916eff74ab99399cdfd09241c375d5a820bb855dfb4af9f \
    --hash=sha256:73b2f1922a39d5d59cc0e597987300df3396b148a9bd10b76a058a2f2772fc04 \
    --hash=sha256:7709fd7bb02b31908dc8fd35bfd0a29fc24681d5cc9ac1d64ad07f8d2b7db62f \
    --hash=sha256:8060b32d8586e912a7b7dac2d15b28dbbd63a174ab32f5bc6d107a1c4143f40b \
    --hash=sha256:80dcd3c938cbcac986c5c92779db8e8ce51a89a849c135172c88ecbdc8c056b7 \
    --hash=sha256:813720bd57e193391dfe26f4871186cf460848b83df7e23e6bef698a7624b4c9 \
    --hash=sha256:831d6f35037cf18ca5e80a737a27d822d87cd922521d18ed3dbc8a6967be50ce \
    --hash=sha256:871b0a8835f9e9d461b7fdaa1b57e3492dd45398e87324c047469ce2fc9f516c \
    --hash=sha256:952256c2bc5b4ee8df8dfc54fc4de330970bf5d79253c863fb5e6761f00dda35 \
    --hash=sha256:96d9ea57292f636ec851a9bb961a5cc0f9976900e16e5d5647f19aa36ba6366b \
    --hash=sha256:9a812224a5fb17a538207e8cf8e86f517df2080c8ee0f8c1ed2bdaccd18f38f4 \
    --hash=sha256:9adbd8ecf097e34ada8efde9b6fec4dd2a903b1e98037adf72d12993a1c80b51 \
    --hash=sha256:9de687479faec7db5b198cc365bc34addd256b0028956501f4d4d5e9ca2e240a \
    --hash=sha256:a048293392d4e058298710a54dfaefcefdf49d287cd33fb1f7d63d55426e4355 \
    --hash=sha256:aa15a2ec737cb609ed48902b45c5e4ff6044feb5dcdfcf6fa8482379190330d7 \
    --hash=sha256:abe1ef3d780de56defd0c77c5ba95e152f4e4c4e12d7e11dd8447d338b85a625 \
    --hash=sha256:ad6fb737e46b8bd63156b8f59ba6cdef46fe2b7db0c5804388a2d0519b8ddb99 \
    --hash=sha256:b1660a15a446206c8545edc292ab5c48b91ff732f91b3d3b30d9a915d5ec4779 \
    --hash=sha256:b505fcfc26f4148551826a96f7317e02c400665fa0883fe505d4fcaab1dabfdd \
    --hash=sha256:b822fab253ac0f330ee807e7485769e3ac85d5eef827ca224feaaefa462dc0d0 \
    --hash=sha256:bdd696947cd695924aecb3870660b7545a19851f93b9d327ef8236bfc49be705 \
    --hash=sha256:bdfaeecf8cc705d35d8e6de324bf58427d7eafb55f67050d8f28053a3d57118c \
    --hash=sha256:be557119bf467d37a8099d91fbf11b2de5eb1fd5fc5b91598407574848dc910f \
    --hash=sha256:c6b5ce7f40f0e2f8b88c28e6691ca6806814157ff05e794cdd161be928550f4c \
    --hash=sha256:c94e4e924d09b5a3e37b853fe5924a95eac058cb6f6fb437ebb588b7eda79870 \
    --hash=sha256:cc3e2679ea13b4de79bdc44b25a0c4fcd5e94e21b8f290791744ac42d34a0353 \
    --hash=sha256:d1e22c22f7826096ad503e9bb681b05b8c1f5a8138469b255eb91f26a76634f2 \
    --hash=sha256:d5539f6da3418c3dc002739cb2bb8d169056aa66e0c83f6bacae0cd3ac26b423 \
    --hash=sha256:d55db1db455c59b46f794346efce896e754b8942817f46a1bada2d29446e305a \
    --hash=sha256:e09dea87cc91aea5500262993cbd484b41edf8af74f976719dd83fe724644cd6 \
    --hash=sha256:e52a712c38e5fb4fd68e00dc3caf00b60cb65634d50e32281a9d6431b33b4af1 \
    --hash=sha256:e693e759e172fa1c2c90d35dea4acbdd1d609b6936115d3739148d5e4cd11947 \
    --hash=sha256:ecf94aa539e97a8411b5ea52fc6ccd8371be9550c4041011a091eb8b3ca1d810 \
    --hash=sha256:f351479a6914fd81a55c8e68963609f792d9b067fb8a60a042c585a621e0de4f \
    --hash=sha256:f47932c434a3c8d3c86d865443fadc1fbf574e9b11d6650b656e602b1797908a
    # via
    #   api (pyproject.toml)
    #   sqlalchemy
h11==0.11.0 \
    --hash=sha256:3c6c61d69c6f13d41f1b80ab0322f1872702a3ba26e12aa864c928f6a43fbaab \
    --hash=sha256:ab6c335e1b6ef34b205d5ca3e228c9299cc7218b049819ec84a388c2525e5d87
    # via
    #   httpcore
    #   uvicorn
httpcore==0.15.0 \
    --hash=sha256:1105b8b73c025f23ff7c36468e4432226cbb959176eab66864b8e31c4ee27fa6 \
    --hash=sha256:18b68ab86a3ccf3e7dc0f43598eaddcf472b602aba29f9aa6ab85fe2ada3980b
    # via httpx
httptools==0.6.0 \
    --hash=sha256:03bfd2ae8a2d532952ac54445a2fb2504c804135ed28b53fefaf03d3a93eb1fd \
    --hash=sha256:0781fedc610293a2716bc7fa142d4c85e6776bc59d617a807ff91246a95dea35 \
    --hash=sha256:0d0b0571806a5168013b8c3d180d9f9d6997365a4212cb18ea20df18b938aa0b \
    --hash=sha256:0fb4a608c631f7dcbdf986f40af7a030521a10ba6bc3d36b28c1dc9e9035a3c0 \
    --hash=sha256:22c01fcd53648162730a71c42842f73b50f989daae36534c818b3f5050b54589 \
    --hash=sha256:23b09537086a5a611fad5696fc8963d67c7e7f98cb329d38ee114d588b0b74cd \
    --hash=sha256:259920bbae18740a40236807915def554132ad70af5067e562f4660b62c59b90 \
    --hash=sha256:26326e0a8fe56829f3af483200d914a7cd16d8d398d14e36888b56de30bec81a \
    --hash=sha256:274bf20eeb41b0956e34f6a81f84d26ed57c84dd9253f13dcb7174b27ccd8aaf \
    --hash=sha256:33eb1d4e609c835966e969a31b1dedf5ba16b38cab356c2ce4f3e33ffa94cad3 \
    --hash=sha256:35a541579bed0270d1ac10245a3e71e5beeb1903b5fbbc8d8b4d4e728d48ff1d \
    --hash=sha256:38f3cafedd6aa20ae05f81f2e616ea6f92116c8a0f8dcb79dc798df3356836e2 \
    --hash=sha256:3f96d2a351b5625a9fd9133c95744e8ca06f7a4f8f0b8231e4bbaae2c485046a \
    --hash=sha256:463c3bc5ef64b9cf091be9ac0e0556199503f6e80456b790a917774a616aff6e \
    --hash=sha256:47043a6e0ea753f006a9d0dd076a8f8c99bc0ecae86a0888448eb3076c43d717 \
    --hash=sha256:4e748fc0d5c4a629988ef50ac1aef99dfb5e8996583a73a717fc2cac4ab89932 \
    --hash=sha256:5dcc14c090ab57b35908d4a4585ec5c0715439df07be2913405991dbb37e049d \
    --hash=sha256:65d802e7b2538a9756df5acc062300c160907b02e15ed15ba035b02bce43e89c \
    --hash=sha256:6bdc6675ec6cb79d27e0575750ac6e2b47032742e24eed011b8db73f2da9ed40 \
    --hash=sha256:6e22896b42b95b3237eccc42278cd72c0df6f23247d886b7ded3163452481e38 \
    --hash=sha256:721e503245d591527cddd0f6fd771d156c509e831caa7a57929b55ac91ee2b51 \
    --hash=sha256:72205730bf1be875003692ca54a4a7c35fac77b4746008966061d9d41a61b0f5 \
    --hash=sha256:72ec7c70bd9f95ef1083d14a755f321d181f046ca685b6358676737a5fecd26a \
    --hash=sha256:73e9d66a5a28b2d5d9fbd9e197a31edd02be310186db423b28e6052472dc8201 \
    --hash=sha256:818325afee467d483bfab1647a72054246d29f9053fd17cc4b86cda09cc60339 \
    --hash=sha256:82c723ed5982f8ead00f8e7605c53e55ffe47c47465d878305ebe0082b6a1755 \
    --hash=sha256:82f228b88b0e8c6099a9c4757ce9fdbb8b45548074f8d0b1f0fc071e35655d1c \
    --hash=sha256:93f89975465133619aea8b1952bc6fa0e6bad22a447c6d982fc338fbb4c89649 \
    --hash=sha256:9fc6e409ad38cbd68b177cd5158fc4042c796b82ca88d99ec78f07bed6c6b796 \
    --hash=sha256:b0a816bb425c116a160fbc6f34cece097fd22ece15059d68932af686520966bd \
    --hash=sha256:b703d15dbe082cc23266bf5d9448e764c7cb3fcfe7cb358d79d3fd8248673ef9 \
    --hash=sha256:cf8169e839a0d740f3d3c9c4fa630ac1a5aaf81641a34575ca6773ed7ce041a1 \
    --hash=sha256:dea66d94e5a3f68c5e9d86e0894653b87d952e624845e0b0e3ad1c733c6cc75d \
    --hash=sha256:e41ccac9e77cd045f3e4ee0fc62cbf3d54d7d4b375431eb855561f26ee7a9ec4 \
    --hash=sha256:f959e4770b3fc8ee4dbc3578fd910fab9003e093f20ac8c621452c4d62e517cb
    # via
    #   api (pyproject.toml)
    #   uvicorn
httpx==0.23.0 \
    --hash=sha256:42974f577483e1e932c3cdc3cd2303e883cbfba17fe228b0f63589764d7b9c4b \
    --hash=sha256:f28eac771ec9eb4866d3fb4ab65abd42d38c424739e80c08d8d20570de60b0ef
    # via fastapi
idna==2.8 \
    --hash=sha256:c357b3f628cf53ae2c4c05627ecc484553142ca23264e593d327bcde5e9c3407 \
    --hash=sha256:ea8b7f6188e6fa117537c3df7da9fc686d485087abf6ac197f9c46432f7e4a3c
    # via
    #   anyio
    #   email-validator
    #   rfc3986
iniconfig==0.1 \
    --hash=sha256:f0a16b26d6439c6cf0841a1d77d8fe93c6bacdeff9e7d45dadf8fc83a2e56ae1
    # via pytest
jinja2==2.11.2 \
    --hash=sha256:89aab215427ef59c34ad58735269eb58b1a5808103067f7bb9d5836c651b3bb0 \
    --hash=sha256:f0a4641d3cf955324a89c04f3d94663aa4d638abe8f733ecd3582848e1c37035
    # via fastapi
markupsafe==0.23 \
    --hash=sha256:a4ec1aff59b95a14b45eb2e23761a0179e98319da5a7eb76b56ea8cdc7b871c3
    # via jinja2
mypy==1.10.0 \
    --hash=sha256:075cbf81f3e134eadaf247de187bd604748171d6b79736fa9b6c9685b4083061 \
    --hash=sha256:12b6bfc1b1a66095ab413160a6e520e1dc076a28f3e22f7fb25ba3b000b4ef99 \
    --hash=sha256:1ec404a7cbe9fc0e92cb0e67f55ce0c025014e26d33e54d9e506a0f2d07fe5de \
    --hash=sha256:28d0e038361b45f099cc086d9dd99c15ff14d0188f44ac883010e172ce86c38a \
    --hash=sha256:2b0695d605ddcd3eb2f736cd8b4e388288c21e7de85001e9f85df9187f2b50f9 \
    --hash=sha256:3236a4c8f535a0631f85f5fcdffba71c7feeef76a6002fcba7c1a8e57c8be1ec \
    --hash=sha256:3be66771aa5c97602f382230165b856c231d1277c511c9a8dd058be4784472e1 \
    --hash=sha256:3d087fcbec056c4ee34974da493a826ce316947485cef3901f511848e687c131 \
    --hash=sha256:3f298531bca95ff615b6e9f2fc0333aae27fa48052903a0ac90215021cdcfa4f \
    --hash=sha256:4a2b5cdbb5dd35aa08ea9114436e0d79aceb2f38e32c21684dcf8e24e1e92821 \
    --hash=sha256:4cf18f9d0efa1b16478c4c129eabec36148032575391095f73cae2e722fcf9d5 \
    --hash=sha256:8b2cbaca148d0754a54d44121b5825ae71868c7592a53b7292eeb0f3fdae95ee \
    --hash=sha256:8f55583b12156c399dce2df7d16f8a5095291354f1e839c252ec6c0611e86e2e \
    --hash=sha256:92f93b21c0fe73dc00abf91022234c79d793318b8a96faac147cd579c1671746 \
    --hash=sha256:9e36fb078cce9904c7989b9693e41cb9711e0600139ce3970c6ef814b6ebc2b2 \
    --hash=sha256:9fd50226364cd2737351c79807775136b0abe084433b55b2e29181a4c3c878c0 \
    --hash=sha256:a781f6ad4bab20eef8b65174a57e5203f4be627b46291f4589879bf4e257b97b \
    --hash=sha256:a87dbfa85971e8d59c9cc1fcf534efe664d8949e4c0b6b44e8ca548e746a8d53 \
    --hash=sha256:b808e12113505b97d9023b0b5e0c0705a90571c6feefc6f215c1df9381256e30 \
    --hash=sha256:bc6ac273b23c6b82da3bb25f4136c4fd42665f17f2cd850771cb600bdd2ebeda \
    --hash=sha256:cd777b780312ddb135bceb9bc8722a73ec95e042f911cc279e2ec3c667076051 \
    --hash=sha256:da1cbf08fb3b851ab3b9523a884c232774008267b1f83371ace57f412fe308c2 \
    --hash=sha256:e22e1527dc3d4aa94311d246b59e47f6455b8729f4968765ac1eacf9a4760bc7 \
    --hash=sha256:f8c083976eb530019175aabadb60921e73b4f45736760826aa1689dda8208aee \
    --hash=sha256:f90cff89eea89273727d8783fef5d4a934be2fdca11b47def50cf5d311aff727 \
    --hash=sha256:fa7ef5244615a2523b56c034becde4e9e3f9b034854c93639adb667ec9ec2976 \
    --hash=sha256:fcfc70599efde5c67862a07a1aaf50e55bce629ace26bb19dc17cece5dd31ca4
    # via api (pyproject.toml)
mypy-extensions==1.0.0 \
    --hash=sha256:4392f6c0eb8a5668a69e23d168ffa70f0be9ccfd32b5cc2d26a34ae5b844552d \
    --hash=sha256:75dbf8955dc00442a438fc4d0666508a9a97b6bd41aa2f0ffe9d2f2725af0782
    # via mypy
orjson==3.9.11 \
    --hash=sha256:05f1097db8ffb3e297b3ee9e1cbfe303dc4581099459b8e8bf146192df3d0c1c \
    --hash=sha256:094836ae15214c7fe1eb682d005f4912adfb05b1153c06313137f9a1cbb428af \
    --hash=sha256:0ac48ff70d3567be22ba1dd8d5c022ab82178016af5ff1f70212ff9f229bc2df \
    --hash=sha256:0c1fe31956188ad6a4dc55dcc8bb4c77dc963938728c881a4520cd50fcde920f \
    --hash=sha256:0f58e903842a291294f005e99e4b7f0dfa9f6f82f817fe8a413387d83eab85ce \
    --hash=sha256:145bdc06496d2d43a5ace9bdce575ba8e5f6d3db92b7ae6d680930e766bef199 \
    --hash=sha256:15727cd02c6e3bba1f820407bb235bd5c6733d036feb58e94199270a231b9a19 \
    --hash=sha256:283c453eb7de77a3d7f4df37d501f31f26e8f9607af08fa70723afcbcebb778e \
    --hash=sha256:3b02ce5a0f9199c8a4cb4904df27f33a7778e20b4cdc2299c6cf8295d747f880 \
    --hash=sha256:3b973fa3f382b9cdf32216bc689dd8176c51d45a84ccf8af03f78ac095ba1bb4 \
    --hash=sha256:4161da8b36fa26b07c858d650c1edbbce30f9d4e14940f9ff82d811e9cdff8df \
    --hash=sha256:41d906d6c34c036a69f18ea50f03a7b14659fe1d00706ede391012c1402a7fe7 \
    --hash=sha256:4e9ebc9913582f81f46a1fb396a83058ca70402b98e80b4f3dbdc02914599e60 \
    --hash=sha256:54585d49643fe7ec3e7c8ad2a43ce37870a8b57d0fd76b2ed9036c141653fd54 \
    --hash=sha256:56790e09941cba74a30058a022b9bdf3626f2a6217d6754a7262cb02ceb34596 \
    --hash=sha256:56a5a9be352fcb4746a7c96368b23baa0d26d0d069069ff09a829fdab0e3aaae \
    --hash=sha256:5a1dae69b0c9d4356b8e9e9a5d2da81fbebd2dff68117db229dd9a16025b906c \
    --hash=sha256:5cb48a08f0c73bc9d77d8fd2667241a337674fcb365748656d741b5da0ee9b31 \
    --hash=sha256:5d04cecd9d2c9ab472452cde1f3e05ea317331334c559386f5e8eb293f66f1dc \
    --hash=sha256:5f78936098016ff9b9d940f27f79f09c40e87e65f47d58f48c2122e15f31a7a3 \
    --hash=sha256:60bb0795acec5b7939a112fa1f07fec4bf391fcdc3350b1a3d636e496d5e39d6 \
    --hash=sha256:666eb48ac0eae51963f06cce441d310d553e73b15e3f69d6531ceb2ad7cc4e19 \
    --hash=sha256:6913abda9d5194d919d1389a5aa1256ac96cb33edab10d7f705fe877a6709c28 \
    --hash=sha256:69ee3a389230eef8925339d3e698639654b8e800ef9457a50bd751141cd313e4 \
    --hash=sha256:6ac684d597523bd9db2bcf75e07ee518de3495f1d4f20a16af38dd18ef95e6ad \
    --hash=sha256:6dfe03abb2790999ce1b19614b7e780cf46d4ba0619a5e1bc6e032c3b4c031c5 \
    --hash=sha256:75e38935051e3df0ce14721dd1ff0503edc6b0c6a215d8d3fd8eee3046e3cc96 \
    --hash=sha256:7f79e8ffb3142b3cce379b89d69d7f7c8873a70725ed13443658274fb561c93b \
    --hash=sha256:81323112fd65474370905ea745295e8496a68fd68ef1d84a5bb41ff5b801ebf8 \
    --hash=sha256:a38dac7af65bad559b4b34dceccb799ff0941dddc4100a294fce473ab81c5f59 \
    --hash=sha256:a7aad691f700e74392e191b46273b03da967a6e8a1aa7fc9b6968e7424f7b39a \
    --hash=sha256:a8c8c666e188fe8f2fd1a39573c7025f148e13d4e1f49539eca1c6d31fc2ff03 \
    --hash=sha256:ac5497f4bdd8139977f900c608f8f09e420ceef055398b30dd5d3047de654135 \
    --hash=sha256:af6622227db858c462c26f0f37de5907de45a1e01256d737672b70b21e7a40f5 \
    --hash=sha256:b4d0ece68151ed771110b11d56140ade90570599bf2b3e18e4ced6c1a7074401 \
    --hash=sha256:b8b79e7a484902ce649162f0a0c9a01bb2738cf4b9446a337842d3044c7074bb \
    --hash=sha256:c0bd9da95821463208ba07f2499d2a11635a5f39202e05d3e704316c29836021 \
    --hash=sha256:c2ff3d573546c7914b058a2a2e301e03ad8f09b2324a07f0f1bc464efec8f6da \
    --hash=sha256:c5704334141c8078efccae829976fd122ce26c2ca462b9ea36b653fc93949a3a \
    --hash=sha256:ca2f7732ca925b85a869e62c2a44bb820f850f9d8ab5d88613411196b0e8a0cc \
    --hash=sha256:ce61680ee2c74d65ccabb005ca7515d9582201d12ca83c98c8db34231471eca4 \
    --hash=sha256:d0fab9e4c7c7dedf3e91fa8cd5d57e852eae321c2bc824816cb974e7d68f165a \
    --hash=sha256:d1e6a9d7986308e3cec0f236797c353b4cf1e2c99a594be71731ff75b2cd5235 \
    --hash=sha256:e68ef008f374532e9e7fa932025026983ebae7cc6f81fa25acbc26a404948985 \
    --hash=sha256:ebcece6ce1cd8a06dffde9efa58e188e86a9a7197688cbef50f85050f031e646 \
    --hash=sha256:eef2db8fdacdd71eb9e0b75ca64164c2e61b4dad656272ecefab10f0c8e4586e \
    --hash=sha256:f023a76dbe63e9714ddd9a04ee6014afcd6f7f9feff060718675ddf0eee6aca1 \
    --hash=sha256:f29d7524a1af41b93a9786e537b624c502ded31ac285dcfabceb1988cc0d8e29 \
    --hash=sha256:f5c25efb1c45e76f97993166e2a6397ed1eb9b427a2ea3ce5d67969bbf7ced02 \
    --hash=sha256:fd52e43b1ff58f577326d585bd6b2678123024ac9b00e8e16d085359d79fb941
    # via
    #   api (pyproject.toml)
    #   fastapi
packaging==14.0 \
    --hash=sha256:2d9bdc7bb9d23a57e14d38b444602b6b89192388f94b61d63a2f022f6bbfbd62 \
    --hash=sha256:89f36ecd68941f59e1447796b6068d403151a0338804bd2ed65313517fde1ea2
    # via pytest
pluggy==1.5.0 \
    --hash=sha256:2cffa88e94fdc978c4c574f15f9e59b7f4201d439195c3715ca9e2486f1d0cf1 \
    --hash=sha256:44e1ad92c8ca002de6377e165f3e0f1be63266ab4d554740532335b9d75ea669
    # via pytest
pydantic==1.10.13 \
    --hash=sha256:1740068fd8e2ef6eb27a20e5651df000978edce6da6803c2bef0bc74540f9548 \
    --hash=sha256:210ce042e8f6f7c01168b2d84d4c9eb2b009fe7bf572c2266e235edf14bacd80 \
    --hash=sha256:32c8b48dcd3b2ac4e78b0ba4af3a2c2eb6048cb75202f0ea7b34feb740efc340 \
    --hash=sha256:3ecea2b9d80e5333303eeb77e180b90e95eea8f765d08c3d278cd56b00345d01 \
    --hash=sha256:4b03e42ec20286f052490423682016fd80fda830d8e4119f8ab13ec7464c0132 \
    --hash=sha256:4c5370a7edaac06daee3af1c8b1192e305bc102abcbf2a92374b5bc793818599 \
    --hash=sha256:56e3ff861c3b9c6857579de282ce8baabf443f42ffba355bf070770ed63e11e1 \
    --hash=sha256:5a1f9f747851338933942db7af7b6ee8268568ef2ed86c4185c6ef4402e80ba8 \
    --hash=sha256:5e08865bc6464df8c7d61439ef4439829e3ab62ab1669cddea8dd00cd74b9ffe \
    --hash=sha256:61d9dce220447fb74f45e73d7ff3b530e25db30192ad8d425166d43c5deb6df0 \
    --hash=sha256:654db58ae399fe6434e55325a2c3e959836bd17a6f6a0b6ca8107ea0571d2e17 \
    --hash=sha256:678bcf5591b63cc917100dc50ab6caebe597ac67e8c9ccb75e698f66038ea953 \
    --hash=sha256:6cf25c1a65c27923a17b3da28a0bdb99f62ee04230c931d83e888012851f4e7f \
    --hash=sha256:75ac15385a3534d887a99c713aa3da88a30fbd6204a5cd0dc4dab3d770b9bd2f \
    --hash=sha256:75b297827b59bc229cac1a23a2f7a4ac0031068e5be0ce385be1462e7e17a35d \
    --hash=sha256:7d6f6e7305244bddb4414ba7094ce910560c907bdfa3501e9db1a7fd7eaea127 \
    --hash=sha256:84bafe2e60b5e78bc64a2941b4c071a4b7404c5c907f5f5a99b0139781e69ed8 \
    --hash=sha256:854223752ba81e3abf663d685f105c64150873cc6f5d0c01d3e3220bcff7d36f \
    --hash=sha256:8ae5dd6b721459bfa30805f4c25880e0dd78fc5b5879f9f7a692196ddcb5a580 \
    --hash=sha256:8ef467901d7a41fa0ca6db9ae3ec0021e3f657ce2c208e98cd511f3161c762c6 \
    --hash=sha256:968ac42970f57b8344ee08837b62f6ee6f53c33f603547a55571c954a4225691 \
    --hash=sha256:97cce3ae7341f7620a0ba5ef6cf043975cd9d2b81f3aa5f4ea37928269bc1b87 \
    --hash=sha256:9849f031cf8a2f0a928fe885e5a04b08006d6d41876b8bbd2fc68a18f9f2e3fd \
    --hash=sha256:9f00790179497767aae6bcdc36355792c79e7bbb20b145ff449700eb076c5f96 \
    --hash=sha256:b87326822e71bd5f313e7d3bfdc77ac3247035ac10b0c0618bd99dcf95b1e687 \
    --hash=sha256:b97c1fac8c49be29486df85968682b0afa77e1b809aff74b83081cc115e52f33 \
    --hash=sha256:bc0898c12f8e9c97f6cd44c0ed70d55749eaf783716896960b4ecce2edfd2d69 \
    --hash=sha256:c553f6a156deb868ba38a23cf0df886c63492e9257f60a79c0fd8e7173537653 \
    --hash=sha256:c636925f38b8db208e09d344c7aa4f29a86bb9947495dd6b6d376ad10334fb78 \
    --hash=sha256:c958d053453a1c4b1c2062b05cd42d9d5c8eb67537b8d5a7e3c3032943ecd261 \
    --hash=sha256:d3a3c792a58e1622667a2837512099eac62490cdfd63bd407993aaf200a4cf1f \
    --hash=sha256:e31647d85a2013d926ce60b84f9dd5300d44535a9941fe825dc349ae1f760df9 \
    --hash=sha256:e70ca129d2053fb8b728ee7d1af8e553a928d7e301a311094b8a0501adc8763d \
    --hash=sha256:efff03cc7a4f29d9009d1c96ceb1e7a70a65cfe86e89d34e4a5f2ab1e5693737 \
    --hash=sha256:f59ef915cac80275245824e9d771ee939133be38215555e9dc90c6cb148aaeb5 \
    --hash=sha256:f8e81fc5fb17dae698f52bdd1c4f18b6ca674d7068242b2aff075f588301bbb0
    # via
    #   fastapi
    #   sqlmodel
pygments==2.6.0 \
    --hash=sha256:ccfb2441778d5825f5cb3741c91e1c9f79bb459622454fc29cd47356338392c6 \
    --hash=sha256:d4b5e1c585ec7e5fd4ef3e8584f9b04bdd3d9e2e87e64c2fbcada605cf1b6ca4
    # via rich
pytest==8.2.0 \
    --hash=sha256:1733f0620f6cda4095bbf0d9ff8022486e91892245bb9e7d5542c018f612f233 \
    --hash=sha256:d507d4482197eac0ba2bae2e9babf0672eb333017bcedaa5fb1a3d42c1174b3f
    # via
    #   api (pyproject.toml)
    #   pytest-cov
pytest-cov==5.0.0 \
    --hash=sha256:4f0764a1219df53214206bf1feea4633c3b558a2925c8b59f144f682861ce652 \
    --hash=sha256:5837b58e9f6ebd335b0f8060eecce69b662415b16dc503883a02f45dfeb14857
    # via api (pyproject.toml)
python-dotenv==0.13.0 \
    --hash=sha256:25c0ff1a3e12f4bde8d592cc254ab075cfe734fc5dd989036716fd17ee7e5ec7 \
    --hash=sha256:3b9909bc96b0edc6b01586e1eed05e71174ef4e04c71da5786370cebea53ad74
    # via uvicorn
python-multipart==0.0.7 \
    --hash=sha256:288a6c39b06596c1b988bb6794c6fbc80e6c369e35e5062637df256bee0c9af9 \
    --hash=sha256:b1fef9a53b74c795e2347daac8c54b252d9e0df9c619712691c1cc8021bd3c49
    # via fastapi
pyyaml==5.1 \
    --hash=sha256:1adecc22f88d38052fb787d959f003811ca858b799590a5eaa70e63dca50308c \
    --hash=sha256:436bc774ecf7c103814098159fbb84c2715d25980175292c648f2da143909f95 \
    --hash=sha256:460a5a4248763f6f37ea225d19d5c205677d8d525f6a83357ca622ed541830c2 \
    --hash=sha256:5a22a9c84653debfbf198d02fe592c176ea548cccce47553f35f466e15cf2fd4 \
    --hash=sha256:7a5d3f26b89d688db27822343dfa25c599627bc92093e788956372285c6298ad \
    --hash=sha256:9372b04a02080752d9e6f990179a4ab840227c6e2ce15b95e1278456664cf2ba \
    --hash=sha256:a5dcbebee834eaddf3fa7366316b880ff4062e4bcc9787b78c7fbb4a26ff2dd1 \
    --hash=sha256:aee5bab92a176e7cd034e57f46e9df9a9862a71f8f37cad167c6fc74c65f5b4e \
    --hash=sha256:c51f642898c0bacd335fc119da60baae0824f2cde95b0330b56c0553439f0673 \
    --hash=sha256:c68ea4d3ba1705da1e0d85da6684ac657912679a649e8868bd850d2c299cce13 \
    --hash=sha256:e23d0cc5299223dcc37885dae624f382297717e459ea24053709675a976a3e19
    # via uvicorn
rfc3986==1.3.0 \
    --hash=sha256:5ec984c915ce01ec6c4ebe37ade6a3a8cee6856bfd4facf459799b52142ef978 \
    --hash=sha256:a9945150c91f3680797eb36c451c7c26d034125b4b320d4f02962bad6fcf52a7
    # via httpx
rich==10.11.0 \
    --hash=sha256:016fa105f34b69c434e7f908bb5bd7fefa9616efdb218a2917117683a6394ce5 \
    --hash=sha256:44bb3f9553d00b3c8938abf89828df870322b9ba43caf3b12bb7758debdc6dec
    # via typer
ruff==0.4.5 \
    --hash=sha256:1169e47e9c4136c997f08f9857ae889d614c5035d87d38fda9b44b4338909cdf \
    --hash=sha256:25f483ad9d50b00e7fd577f6d0305aa18494c6af139bce7319c68a17180087f4 \
    --hash=sha256:286eabd47e7d4d521d199cab84deca135557e6d1e0f0d01c29e757c3cb151b54 \
    --hash=sha256:441dab55c568e38d02bbda68a926a3d0b54f5510095c9de7f95e47a39e0168aa \
    --hash=sha256:63fde3bf6f3ad4e990357af1d30e8ba2730860a954ea9282c95fc0846f5f64af \
    --hash=sha256:6e1b139b45e2911419044237d90b60e472f57285950e1492c757dfc88259bb06 \
    --hash=sha256:755ac9ac2598a941512fc36a9070a13c88d72ff874a9781493eb237ab02d75df \
    --hash=sha256:75a426506a183d9201e7e5664de3f6b414ad3850d7625764106f7b6d0486f0a1 \
    --hash=sha256:78e3ba4620dee27f76bbcad97067766026c918ba0f2d035c2fc25cbdd04d9c97 \
    --hash=sha256:84dd157474e16e3a82745d2afa1016c17d27cb5d52b12e3d45d418bcc6d49264 \
    --hash=sha256:8f58e615dec58b1a6b291769b559e12fdffb53cc4187160a2fc83250eaf54e96 \
    --hash=sha256:9d15de3425f53161b3f5a5658d4522e4eee5ea002bf2ac7aa380743dd9ad5fba \
    --hash=sha256:a6f29a8221d2e3d85ff0c7b4371c0e37b39c87732c969b4d90f3dad2e721c5b1 \
    --hash=sha256:aed8166c18b1a169a5d3ec28a49b43340949e400665555b51ee06f22813ef062 \
    --hash=sha256:b0b03c619d2b4350b4a27e34fd2ac64d0dabe1afbf43de57d0f9d8a05ecffa45 \
    --hash=sha256:d6ef817124d72b54cc923f3444828ba24fa45c3164bc9e8f1813db2f3d3a8a11 \
    --hash=sha256:f4b02a65985be2b34b170025a8b92449088ce61e33e69956ce4d316c0fe7cce0
    # via api (pyproject.toml)
shellingham==1.3.0 \
    --hash=sha256:2a8163f495695a9e086da96d0621ceb7137bd70d5c790ba600406a43b53484a8 \
    --hash=sha256:a1bc8cbe437e5348c242d4e8145242d364d9493034ed790a82991c0e2d3ad984
    # via typer
sniffio==1.3.0 \
    --hash=sha256:e60305c5e5d314f5389259b7f22aaa33d8f7dee49763119234af3755c55b9101 \
    --hash=sha256:eecefdce1e5bbfb7ad2eeaabf7c1eeb404d7757c379bd1f7e5cce9d8bf425384
    # via
    #   api (pyproject.toml)
    #   anyio
    #   httpcore
    #   httpx
sqlalchemy==2.0.0 \
    --hash=sha256:05923707b416b7034c0b14e59e14614cb1432647188ba46bcfd911998cdea48d \
    --hash=sha256:0fb3b58ba21898b94255e86da5e3bfc15cf99e039babcaccaa2ce10b6322929e \
    --hash=sha256:13929b9806b002e3018a2f4d6666466298f43043c53b037a27520d8e8dad238d \
    --hash=sha256:176ddfce8d720f90ffccfecfe66f41b1af8906bb74acc536068d067bdb0fd080 \
    --hash=sha256:192210daec1062e93fcc732de0c602c4b58097257c56874baa6e491849e82ceb \
    --hash=sha256:1b17bc162c317973d87613eac869cc50c1fef7a8b9d657b7d7f764ab5d9fee72 \
    --hash=sha256:1b4428bf59a5f12549f92f4274c8b2667313f105e36a7822c47727ea5572e0f7 \
    --hash=sha256:2051899b520a4332da0fe7098d155e0981044aed91567623c7aff4bd4addddc8 \
    --hash=sha256:20ef6ed15ecc17036523157e1f9900f0fa9163c29ce793d441b0bdd337057354 \
    --hash=sha256:228851937becdbaeefdc937a3b43e9711b0a094eccc745f00b993ecd860a913b \
    --hash=sha256:28f8371e07c66f7bd8d665c0532e68986e1616f0505bef05a9bcb384889f94f2 \
    --hash=sha256:2dc81c03d4bccc82c81e4e21da5cea2071eca2fcddb248b462b151911c4b47b8 \
    --hash=sha256:33a05cc9533a580f94a69852c8dea26d7dec0bc8182bb8d68180a5103c0b0add \
    --hash=sha256:3758f3e12dd7a1448d8d2c5d4d36dc32a504a0ff6dded23b06d955c73f1b71b4 \
    --hash=sha256:419228c073060face5e35388ddf00229f1be3664c91143f6e6897d67254589f7 \
    --hash=sha256:47348dad936e0899e2910853df1af736a84b3bddbd5dfe6471a5a39e00b32f06 \
    --hash=sha256:492dfab60c3df7105c97474a08408f15a506966340643eeaf40f59daa08a516e \
    --hash=sha256:54fa0308430ea13239557b6b38a41988ab9d0356420879b2e8b976f58c8b8229 \
    --hash=sha256:606f55614af6777261e54cb5d541a5c555539c5abc5e0b40d299c9a3bd06fae5 \
    --hash=sha256:6c75b77de2fd99bd19a609c00e870325574000c441f7bdb0cd33d15961ed93bc \
    --hash=sha256:6e6cb16419328100fc92ee676bcb09846034586461aeb96c89a072feb48c9a6d \
    --hash=sha256:77666361fdd70868a414762d0eead141183caf1e0cb6735484c0cad6d41ac869 \
    --hash=sha256:7809546951b4a5ad1f0b5d5c87b42218af8c0574f50e89d141dfff531c069389 \
    --hash=sha256:7a2709d68ec901add77aa378253568905ba8112ae82ae8b3d3e85fd56b06f44d \
    --hash=sha256:7b2231470060cd55b870806fb654f2ba66f7fc822f56fe594fa1fbd95e646da5 \
    --hash=sha256:7c6934dfa9ab53853b1d31723ea2b8ea494de73ad3f36ea42f5859b74cb3afc3 \
    --hash=sha256:807d4f83dcf0b7fd60b7af5f677e3d20151083c3454304813e450f6f6e4b4a5c \
    --hash=sha256:83db15a39539c6acb92075215aa68b9757085717d222ef678b0040cdf192adbb \
    --hash=sha256:86bc43f80b3fdae55f2dc6a3b0a9fe6f5c69001763e4095998e467b068a037d2 \
    --hash=sha256:92388d03220eda6d744277a4d2cbcbb557509c7f7582215f61f8a04ec264be59 \
    --hash=sha256:92b828f195bb967f85bda508bed5b4fe24b4ef0cac9ac2d9e403584ba504a304 \
    --hash=sha256:a0b4047d7d9405005637fbfd70122746c78f2dada934067bfdd439bc934cb5fb \
    --hash=sha256:a0f6d402a12ce2dc9243553ae8088459e94540b2afc4b4c3fc3a0272b9aa2827 \
    --hash=sha256:b850d709cddfe0fa03f0ce7d58389947813053a3cfd5c7cc2fa5a49b77b7f7b5 \
    --hash=sha256:c1cae76f84755527c269ceb49e3a79ff370101bfd93d3f9d298bd7951e1b5e41 \
    --hash=sha256:c658c985830d4d80598387b2eca5944507acc9d52af8ec867d4c9fa0d4e27fd7 \
    --hash=sha256:c6e4a17bbcb882fcff597d6ffdf113144383ea346bcae97079b96faaf7d460fb \
    --hash=sha256:d1b1004e00023b37cc2385da670db28cb3dd96b9f01aafc3f9c437c030bf73f8 \
    --hash=sha256:e052ae0c2a887472a74405e3afa5aa5c75cddc8a98a49bbf4a84a09dbc1cb896 \
    --hash=sha256:ef0794ed9ed2cc3c42475998baf3ead135ce3849e72993fd61c82722a1def8a5 \
    --hash=sha256:f0bc643a0228179bfcbc8df81c8d197b843e48d97073f41f90ada8f6aad1614d
    # via sqlmodel
sqlmodel==0.0.18 \
    --hash=sha256:2e520efe03810ef2c268a1004cfc5ef8f8a936312232f38d6c8e62c11af2cac3 \
    --hash=sha256:d70fdf8fe595e30a918660cf4537b9c5fc2fffdbfcba851a0135de73c3ebcbb7
    # via api (pyproject.toml)
starlette==0.37.2 \
    --hash=sha256:6fe59f29268538e5d0d182f2791a479a0c64638e6935d1c6989e63fb2699c6ee \
    --hash=sha256:9af890290133b79fc3db55474ade20f6220a364a0402e0b556e7cd5e1e093823
    # via fastapi
typer==0.12.3 \
    --hash=sha256:070d7ca53f785acbccba8e7d28b08dcd88f79f1fbda035ade0aecec71ca5c914 \
    --hash=sha256:49e73131481d804288ef62598d97a1ceef3058905aa536a1134f90891ba35482
    # via fastapi-cli
typing-extensions==4.8.0 \
    --hash=sha256:8f92fc8806f9a6b641eaa5318da32b44d401efaac0f6678c9bc448ba3605faa0 \
    --hash=sha256:df8e4339e9cb77357558cbdbceca33c303714cf861d1eef15e1070055ae8b7ef
    # via
    #   fastapi
    #   mypy
    #   pydantic
    #   sqlalchemy
    #   typer
ujson==4.0.1 \
    --hash=sha256:078808c385036cba73cad96f498310c61e9b5ae5ac9ea01e7c3996ece544b556 \
    --hash=sha256:0a2e1b211714eb1ec0772a013ec9967f8f95f21c84e8f46382e9f8a32ae781fe \
    --hash=sha256:0f412c3f59b1ab0f40018235224ca0cf29232d0201ff5085618565a8a9c810ed \
    --hash=sha256:26cf6241b36ff5ce4539ae687b6b02673109c5e3efc96148806a7873eaa229d3 \
    --hash=sha256:2b2d9264ac76aeb11f590f7a1ccff0689ba1313adacbb6d38d3b15f21a392897 \
    --hash=sha256:4f12b0b4e235b35d49f15227b0a827e614c52dda903c58a8f5523936c233dfc7 \
    --hash=sha256:4fe8c6112b732cba5a722f7cbe22f18d405f6f44415794a5b46473a477635233 \
    --hash=sha256:51480048373cf97a6b97fcd70c3586ca0a31f27e22ab680fb14c1f22bedbf743 \
    --hash=sha256:568bb3e7f035006147af4ce3a9ced7d126c92e1a8607c7b2266007b1c1162c53 \
    --hash=sha256:5fe1536465b1c86e32a47113abd3178001b7c2dcd61f95f336fe2febf4661e74 \
    --hash=sha256:71703a269f074ff65b9d7746662e4b3e76a4af443e532218af1e8ce15d9b1e7b \
    --hash=sha256:7a1545ac2476db4cc1f0f236603ccbb50991fc1bba480cda1bc06348cc2a2bf0 \
    --hash=sha256:a5200a68f1dcf3ce275e1cefbcfa3914b70c2b5e2f71c2e31556aa1f7244c845 \
    --hash=sha256:a618af22407baeadb3f046f81e7a5ee5e9f8b0b716d2b564f92276a54d26a823 \
    --hash=sha256:a79bca47eafb31c74b38e68623bc9b2bb930cb48fab1af31c8f2cb68cf473421 \
    --hash=sha256:b87379a3f8046d6d111762d81f3384bf38ab24b1535c841fe867a4a097d84523 \
    --hash=sha256:bd4c77aee3ffb920e2dbc21a9e0c7945a400557ce671cfd57dbd569f5ebc619d \
    --hash=sha256:c354c1617b0a4378b6279d0cd511b769500cf3fa7c42e8e004cbbbb6b4c2a875 \
    --hash=sha256:c604024bd853b5df6be7d933e934da8dd139e6159564db7c55b92a9937678093 \
    --hash=sha256:e7ab24942b2d57920d75b817b8eead293026db003247e26f99506bdad86c61b4 \
    --hash=sha256:f8a60928737a9a47e692fcd661ef2b5d75ba22c7c930025bd95e338f2a6e15bc
    # via fastapi
uvicorn==0.29.0 \
    --hash=sha256:2c2aac7ff4f4365c206fd773a39bf4ebd1047c238f8b8268ad996829323473de \
    --hash=sha256:6a69214c0b6a087462412670b3ef21224fa48cae0e452b5883e8e8bdfdd11dd0
    # via
    #   fastapi
    #   fastapi-cli
uvloop==0.18.0 \
    --hash=sha256:1121087dfeb46e9e65920b20d1f46322ba299b8d93f7cb61d76c94b5a1adc20c \
    --hash=sha256:12af0d2e1b16780051d27c12de7e419b9daeb3516c503ab3e98d364cc55303bb \
    --hash=sha256:1f354d669586fca96a9a688c585b6257706d216177ac457c92e15709acaece10 \
    --hash=sha256:1f4a549cd747e6f4f8446f4b4c8cb79504a8372d5d3a9b4fc20e25daf8e76c05 \
    --hash=sha256:211ce38d84118ae282a91408f61b85cf28e2e65a0a8966b9a97e0e9d67c48722 \
    --hash=sha256:25b714f07c68dcdaad6994414f6ec0f2a3b9565524fba181dcbfd7d9598a3e73 \
    --hash=sha256:280904236a5b333a273292b3bcdcbfe173690f69901365b973fa35be302d7781 \
    --hash=sha256:2b8b7cf7806bdc745917f84d833f2144fabcc38e9cd854e6bc49755e3af2b53e \
    --hash=sha256:4d90858f32a852988d33987d608bcfba92a1874eb9f183995def59a34229f30d \
    --hash=sha256:53aca21735eee3859e8c11265445925911ffe410974f13304edb0447f9f58420 \
    --hash=sha256:54b211c46facb466726b227f350792770fc96593c4ecdfaafe20dc00f3209aef \
    --hash=sha256:56c1026a6b0d12b378425e16250acb7d453abaefe7a2f5977143898db6cfe5bd \
    --hash=sha256:585b7281f9ea25c4a5fa993b1acca4ad3d8bc3f3fe2e393f0ef51b6c1bcd2fe6 \
    --hash=sha256:58e44650cbc8607a218caeece5a689f0a2d10be084a69fc32f7db2e8f364927c \
    --hash=sha256:61151cc207cf5fc88863e50de3d04f64ee0fdbb979d0b97caf21cae29130ed78 \
    --hash=sha256:6132318e1ab84a626639b252137aa8d031a6c0550250460644c32ed997604088 \
    --hash=sha256:680da98f12a7587f76f6f639a8aa7708936a5d17c5e7db0bf9c9d9cbcb616593 \
    --hash=sha256:6e20bb765fcac07879cd6767b6dca58127ba5a456149717e0e3b1f00d8eab51c \
    --hash=sha256:74020ef8061678e01a40c49f1716b4f4d1cc71190d40633f08a5ef8a7448a5c6 \
    --hash=sha256:75baba0bfdd385c886804970ae03f0172e0d51e51ebd191e4df09b929771b71e \
    --hash=sha256:847f2ed0887047c63da9ad788d54755579fa23f0784db7e752c7cf14cf2e7506 \
    --hash=sha256:8849b8ef861431543c07112ad8436903e243cdfa783290cbee3df4ce86d8dd48 \
    --hash=sha256:895a1e3aca2504638a802d0bec2759acc2f43a0291a1dff886d69f8b7baff399 \
    --hash=sha256:99deae0504547d04990cc5acf631d9f490108c3709479d90c1dcd14d6e7af24d \
    --hash=sha256:ad79cd30c7e7484bdf6e315f3296f564b3ee2f453134a23ffc80d00e63b3b59e \
    --hash=sha256:b028776faf9b7a6d0a325664f899e4c670b2ae430265189eb8d76bd4a57d8a6e \
    --hash=sha256:b0a8f706b943c198dcedf1f2fb84899002c195c24745e47eeb8f2fb340f7dfc3 \
    --hash=sha256:c65585ae03571b73907b8089473419d8c0aff1e3826b3bce153776de56cbc687 \
    --hash=sha256:c6d341bc109fb8ea69025b3ec281fcb155d6824a8ebf5486c989ff7748351a37 \
    --hash=sha256:d5d1135beffe9cd95d0350f19e2716bc38be47d5df296d7cc46e3b7557c0d1ff \
    --hash=sha256:db1fcbad5deb9551e011ca589c5e7258b5afa78598174ac37a5f15ddcfb4ac7b \
    --hash=sha256:e14de8800765b9916d051707f62e18a304cde661fa2b98a58816ca38d2b94029 \
    --hash=sha256:e3d301e23984dcbc92d0e42253e0e0571915f0763f1eeaf68631348745f2dccc \
    --hash=sha256:ed3c28337d2fefc0bac5705b9c66b2702dc392f2e9a69badb1d606e7e7f773bb \
    --hash=sha256:edbb4de38535f42f020da1e3ae7c60f2f65402d027a08a8c60dc8569464873a6 \
    --hash=sha256:f3b18663efe0012bc4c315f1b64020e44596f5fabc281f5b0d9bc9465288559c
    # via
    #   api (pyproject.toml)
    #   uvicorn
watchfiles==0.13 \
    --hash=sha256:2056a3b53154a5cd8e1502dbfb024afd6ff1512d10fb667eec90483b01e8b384 \
    --hash=sha256:23edc0e0a90337160e7b3cb96a2ea62d3a514ceb73c7ad9df535a161e2d7e9aa \
    --hash=sha256:245da818e4cd3e5c4a6261d9b82c1be17db4058331d6a6b374a56ac97b4e2f40 \
    --hash=sha256:27db8d3106267ab69de793dafe22ae551a8a3827f409430a9690b633ff718aa7 \
    --hash=sha256:39b60f71e4c4688641b1672726780dea219b1c9654c016b1776e0a8f0ca8f5d5 \
    --hash=sha256:41c05f3ba09257df4b3fa56feddd1f32126569a276c1b1a81c526f67d096e138 \
    --hash=sha256:426825c2552a1ff6e87eb4406a7c84e46e20c091d529e8dad4f2af252dd24066 \
    --hash=sha256:474421c980b40346a36be417b97ef4e6edd6b65f303be33fc81a4826a6baf972 \
    --hash=sha256:4c4f63c1d717b93a13dbc637d2f592a0a78e1b4289651aac3b8d39862b41a96d \
    --hash=sha256:50696bb857e13f2a7f9788fddcbdcf7f4d6ceadc90fe969c0c2c7ea55908a5b2 \
    --hash=sha256:5d23b33f106db0c8daa3a146e0b5ee3d7729240f4185aa6200b27c6adfef4fe6 \
    --hash=sha256:640a1201178d0d127911f7c7a39b4abb69793d9618ee527d9a8602a475960fb6 \
    --hash=sha256:77ddb776640be101201602e2fe81dde206458c25ede4cf174260dc9594d50da6 \
    --hash=sha256:7ae76ab695501192ccdf871c6ed6e53a124c43a3145878d121e7fd12728b4c08 \
    --hash=sha256:80bffe06ba2d8ed044783f7d7dd3f834cb3c4eb2ed20bee69eb18b3cb8b6ea9f \
    --hash=sha256:841f4fe431962cf946b43b80251fe89efff8523856c4a347141b429825f5f627 \
    --hash=sha256:84ebdbabdebb4ecfae3e91aadf7b96ff69623266932c5f3efba9a93ac1e3aa12 \
    --hash=sha256:8d07ee406f06fdd12bf75c8641c58efd5eecc4ce01027716846f49fd30978e1c \
    --hash=sha256:90f5edc42ee408e91eda36107692f0b2a8b8c1071096cd67c97a7a4a1c1ae9a8 \
    --hash=sha256:a4995664f7ac269397e3f28fae177c2d2688379e68cc93d99fdcf1bb0a75a7da \
    --hash=sha256:a591b5bd35921ea736c919c5f52c1d4daf5edec5a8728ad8db817144391f0dbb \
    --hash=sha256:b324253298f1211adf1be49cccf123bfcbfe31e2f6161493c5617903dc0eaafc \
    --hash=sha256:bf145540fcc196da0af5e2eb58415f0dd64d73e2390e8b691ee5c9128094d58f \
    --hash=sha256:c92ae6617846865285fcce7d56bb367f7d84685fae72fa9ae359adf88211be90 \
    --hash=sha256:ca8c7b2489b3ab22666e7114bf2bfd0f33344f3948480f1526eecaab7f41d1a5 \
    --hash=sha256:cc63ce79a7c2dbbb9e0936cef70782c0a7b60ab774417d841a7e92a1c63af1fa \
    --hash=sha256:cde46ddec1a182f74cb73eb6e6e9c92e3236567b89e5a93c415f19237e521b26 \
    --hash=sha256:d62df849ff9e2c283408c168d4966cd4d0b395194a5170078c1abff16e9fb6b6 \
    --hash=sha256:d7704263193ebbe27b9a02b63a16338fdef9d125f8ce46bba97bc8fe7eea2f5a \
    --hash=sha256:ed060f861e8e89edd1c4c67b6074579f75f4c0e84b6d84696b503a8d4fd18741 \
    --hash=sha256:f2689146477a913447ea236c552900d75fd37a35f7cb87f757eded06b2b444bd \
    --hash=sha256:f84ba7f1b5a03bcc34321fb8dc65fcdbf26d25bc3a7b17a80b7fe7125e8a02e3
    # via uvicorn
websockets==10.4 \
    --hash=sha256:00213676a2e46b6ebf6045bc11d0f529d9120baa6f58d122b4021ad92adabd41 \
    --hash=sha256:00c870522cdb69cd625b93f002961ffb0c095394f06ba8c48f17eef7c1541f96 \
    --hash=sha256:0154f7691e4fe6c2b2bc275b5701e8b158dae92a1ab229e2b940efe11905dff4 \
    --hash=sha256:05a7233089f8bd355e8cbe127c2e8ca0b4ea55467861906b80d2ebc7db4d6b72 \
    --hash=sha256:09a1814bb15eff7069e51fed0826df0bc0702652b5cb8f87697d469d79c23576 \
    --hash=sha256:0cff816f51fb33c26d6e2b16b5c7d48eaa31dae5488ace6aae468b361f422b63 \
    --hash=sha256:185929b4808b36a79c65b7865783b87b6841e852ef5407a2fb0c03381092fa3b \
    --hash=sha256:2fc8709c00704194213d45e455adc106ff9e87658297f72d544220e32029cd3d \
    --hash=sha256:33d69ca7612f0ddff3316b0c7b33ca180d464ecac2d115805c044bf0a3b0d032 \
    --hash=sha256:389f8dbb5c489e305fb113ca1b6bdcdaa130923f77485db5b189de343a179393 \
    --hash=sha256:38ea7b82bfcae927eeffc55d2ffa31665dc7fec7b8dc654506b8e5a518eb4d50 \
    --hash=sha256:3d3cac3e32b2c8414f4f87c1b2ab686fa6284a980ba283617404377cd448f631 \
    --hash=sha256:40e826de3085721dabc7cf9bfd41682dadc02286d8cf149b3ad05bff89311e4f \
    --hash=sha256:4239b6027e3d66a89446908ff3027d2737afc1a375f8fd3eea630a4842ec9a0c \
    --hash=sha256:45ec8e75b7dbc9539cbfafa570742fe4f676eb8b0d3694b67dabe2f2ceed8aa6 \
    --hash=sha256:47a2964021f2110116cc1125b3e6d87ab5ad16dea161949e7244ec583b905bb4 \
    --hash=sha256:48c08473563323f9c9debac781ecf66f94ad5a3680a38fe84dee5388cf5acaf6 \
    --hash=sha256:4c6d2264f485f0b53adf22697ac11e261ce84805c232ed5dbe6b1bcb84b00ff0 \
    --hash=sha256:4f72e5cd0f18f262f5da20efa9e241699e0cf3a766317a17392550c9ad7b37d8 \
    --hash=sha256:56029457f219ade1f2fc12a6504ea61e14ee227a815531f9738e41203a429112 \
    --hash=sha256:5c1289596042fad2cdceb05e1ebf7aadf9995c928e0da2b7a4e99494953b1b94 \
    --hash=sha256:62e627f6b6d4aed919a2052efc408da7a545c606268d5ab5bfab4432734b82b4 \
    --hash=sha256:74de2b894b47f1d21cbd0b37a5e2b2392ad95d17ae983e64727e18eb281fe7cb \
    --hash=sha256:7c584f366f46ba667cfa66020344886cf47088e79c9b9d39c84ce9ea98aaa331 \
    --hash=sha256:7d27a7e34c313b3a7f91adcd05134315002aaf8540d7b4f90336beafaea6217c \
    --hash=sha256:7d3f0b61c45c3fa9a349cf484962c559a8a1d80dae6977276df8fd1fa5e3cb8c \
    --hash=sha256:82ff5e1cae4e855147fd57a2863376ed7454134c2bf49ec604dfe71e446e2193 \
    --hash=sha256:84bc2a7d075f32f6ed98652db3a680a17a4edb21ca7f80fe42e38753a58ee02b \
    --hash=sha256:884be66c76a444c59f801ac13f40c76f176f1bfa815ef5b8ed44321e74f1600b \
    --hash=sha256:8a5cc00546e0a701da4639aa0bbcb0ae2bb678c87f46da01ac2d789e1f2d2038 \
    --hash=sha256:8dc96f64ae43dde92530775e9cb169979f414dcf5cff670455d81a6823b42089 \
    --hash=sha256:8f38706e0b15d3c20ef6259fd4bc1700cd133b06c3c1bb108ffe3f8947be15fa \
    --hash=sha256:90fcf8929836d4a0e964d799a58823547df5a5e9afa83081761630553be731f9 \
    --hash=sha256:931c039af54fc195fe6ad536fde4b0de04da9d5916e78e55405436348cfb0e56 \
    --hash=sha256:932af322458da7e4e35df32f050389e13d3d96b09d274b22a7aa1808f292fee4 \
    --hash=sha256:942de28af58f352a6f588bc72490ae0f4ccd6dfc2bd3de5945b882a078e4e179 \
    --hash=sha256:9bc42e8402dc5e9905fb8b9649f57efcb2056693b7e88faa8fb029256ba9c68c \
    --hash=sha256:a7a240d7a74bf8d5cb3bfe6be7f21697a28ec4b1a437607bae08ac7acf5b4882 \
    --hash=sha256:a9f9a735deaf9a0cadc2d8c50d1a5bcdbae8b6e539c6e08237bc4082d7c13f28 \
    --hash=sha256:ae5e95cfb53ab1da62185e23b3130e11d64431179debac6dc3c6acf08760e9b1 \
    --hash=sha256:b029fb2032ae4724d8ae8d4f6b363f2cc39e4c7b12454df8df7f0f563ed3e61a \
    --hash=sha256:b0d15c968ea7a65211e084f523151dbf8ae44634de03c801b8bd070b74e85033 \
    --hash=sha256:b343f521b047493dc4022dd338fc6db9d9282658862756b4f6fd0e996c1380e1 \
    --hash=sha256:b627c266f295de9dea86bd1112ed3d5fafb69a348af30a2422e16590a8ecba13 \
    --hash=sha256:b9968694c5f467bf67ef97ae7ad4d56d14be2751000c1207d31bf3bb8860bae8 \
    --hash=sha256:ba089c499e1f4155d2a3c2a05d2878a3428cf321c848f2b5a45ce55f0d7d310c \
    --hash=sha256:bbccd847aa0c3a69b5f691a84d2341a4f8a629c6922558f2a70611305f902d74 \
    --hash=sha256:bc0b82d728fe21a0d03e65f81980abbbcb13b5387f733a1a870672c5be26edab \
    --hash=sha256:c57e4c1349fbe0e446c9fa7b19ed2f8a4417233b6984277cce392819123142d3 \
    --hash=sha256:c94ae4faf2d09f7c81847c63843f84fe47bf6253c9d60b20f25edfd30fb12588 \
    --hash=sha256:c9b27d6c1c6cd53dc93614967e9ce00ae7f864a2d9f99fe5ed86706e1ecbf485 \
    --hash=sha256:d210abe51b5da0ffdbf7b43eed0cfdff8a55a1ab17abbec4301c9ff077dd0342 \
    --hash=sha256:d58804e996d7d2307173d56c297cf7bc132c52df27a3efaac5e8d43e36c21c48 \
    --hash=sha256:d6a4162139374a49eb18ef5b2f4da1dd95c994588f5033d64e0bbfda4b6b6fcf \
    --hash=sha256:da39dd03d130162deb63da51f6e66ed73032ae62e74aaccc4236e30edccddbb0 \
    --hash=sha256:db3c336f9eda2532ec0fd8ea49fef7a8df8f6c804cdf4f39e5c5c0d4a4ad9a7a \
    --hash=sha256:dd500e0a5e11969cdd3320935ca2ff1e936f2358f9c2e61f100a1660933320ea \
    --hash=sha256:dd9becd5fe29773d140d68d607d66a38f60e31b86df75332703757ee645b6faf \
    --hash=sha256:e0cb5cc6ece6ffa75baccfd5c02cffe776f3f5c8bf486811f9d3ea3453676ce8 \
    --hash=sha256:e23173580d740bf8822fd0379e4bf30aa1d5a92a4f252d34e893070c081050df \
    --hash=sha256:e3a686ecb4aa0d64ae60c9c9f1a7d5d46cab9bfb5d91a2d303d00e2cd4c4c5cc \
    --hash=sha256:e789376b52c295c4946403bd0efecf27ab98f05319df4583d3c48e43c7342c2f \
    --hash=sha256:edc344de4dac1d89300a053ac973299e82d3db56330f3494905643bb68801269 \
    --hash=sha256:eef610b23933c54d5d921c92578ae5f89813438fded840c2e9809d378dc765d3 \
    --hash=sha256:f2c38d588887a609191d30e902df2a32711f708abfd85d318ca9b367258cfd0c \
    --hash=sha256:f55b5905705725af31ccef50e55391621532cd64fbf0bc6f4bac935f0fccec46 \
    --hash=sha256:f5fc088b7a32f244c519a048c170f14cf2251b849ef0e20cbbb0fdf0fdaf556f \
    --hash=sha256:fe10ddc59b304cb19a1bdf5bd0a7719cbbc9fbdd57ac80ed436b709fcf889106 \
    --hash=sha256:ff64a1d38d156d429404aaa84b27305e957fd10c30e5880d1765c9480bea490f
    # via uvicorn
